
Microsoft Visual Studio Solution File, Format Version 12.00
# Visual Studio 14
VisualStudioVersion = 14.0.25420.1
MinimumVisualStudioVersion = 10.0.40219.1
Project("{FAE04EC0-301F-11D3-BF4B-00C04F79EFBC}") = "Mo_Xue_Lab_2", "Mo_Xue_Lab_2\Mo_Xue_Lab_2.csproj", "{BAB608E3-4E2A-48A9-A18C-24F5A9FDBEF9}"
EndProject
Global
	GlobalSection(SolutionConfigurationPlatforms) = preSolution
		Debug|Any CPU = Debug|Any CPU
		Release|Any CPU = Release|Any CPU
	EndGlobalSection
	GlobalSection(ProjectConfigurationPlatforms) = postSolution
		{BAB608E3-4E2A-48A9-A18C-24F5A9FDBEF9}.Debug|Any CPU.ActiveCfg = Debug|Any CPU
		{BAB608E3-4E2A-48A9-A18C-24F5A9FDBEF9}.Debug|Any CPU.Build.0 = Debug|Any CPU
		{BAB608E3-4E2A-48A9-A18C-24F5A9FDBEF9}.Release|Any CPU.ActiveCfg = Release|Any CPU
		{BAB608E3-4E2A-48A9-A18C-24F5A9FDBEF9}.Release|Any CPU.Build.0 = Release|Any CPU
	EndGlobalSection
	GlobalSection(SolutionProperties) = preSolution
		HideSolutionNode = FALSE
	EndGlobalSection
EndGlobal
