
Microsoft Visual Studio Solution File, Format Version 12.00
# Visual Studio 14
VisualStudioVersion = 14.0.25420.1
MinimumVisualStudioVersion = 10.0.40219.1
Project("{FAE04EC0-301F-11D3-BF4B-00C04F79EFBC}") = "Mo_Xue_Lab_4_Service", "Mo_Xue_Lab_4\Mo_Xue_Lab_4_Service.csproj", "{2B60BA26-D4AD-4AF6-93FF-24E97221805B}"
EndProject
Project("{FAE04EC0-301F-11D3-BF4B-00C04F79EFBC}") = "Mo_Xue_Lab_4_Client", "Mo_Xue_Lab_4_Client\Mo_Xue_Lab_4_Client.csproj", "{D4FF83D5-B366-4E42-851D-CC553BD71E9F}"
	ProjectSection(ProjectDependencies) = postProject
		{2B60BA26-D4AD-4AF6-93FF-24E97221805B} = {2B60BA26-D4AD-4AF6-93FF-24E97221805B}
	EndProjectSection
EndProject
Global
	GlobalSection(SolutionConfigurationPlatforms) = preSolution
		Debug|Any CPU = Debug|Any CPU
		Release|Any CPU = Release|Any CPU
	EndGlobalSection
	GlobalSection(ProjectConfigurationPlatforms) = postSolution
		{2B60BA26-D4AD-4AF6-93FF-24E97221805B}.Debug|Any CPU.ActiveCfg = Debug|Any CPU
		{2B60BA26-D4AD-4AF6-93FF-24E97221805B}.Debug|Any CPU.Build.0 = Debug|Any CPU
		{2B60BA26-D4AD-4AF6-93FF-24E97221805B}.Release|Any CPU.ActiveCfg = Release|Any CPU
		{2B60BA26-D4AD-4AF6-93FF-24E97221805B}.Release|Any CPU.Build.0 = Release|Any CPU
		{D4FF83D5-B366-4E42-851D-CC553BD71E9F}.Debug|Any CPU.ActiveCfg = Debug|Any CPU
		{D4FF83D5-B366-4E42-851D-CC553BD71E9F}.Debug|Any CPU.Build.0 = Debug|Any CPU
		{D4FF83D5-B366-4E42-851D-CC553BD71E9F}.Release|Any CPU.ActiveCfg = Release|Any CPU
		{D4FF83D5-B366-4E42-851D-CC553BD71E9F}.Release|Any CPU.Build.0 = Release|Any CPU
	EndGlobalSection
	GlobalSection(SolutionProperties) = preSolution
		HideSolutionNode = FALSE
	EndGlobalSection
EndGlobal
