
Microsoft Visual Studio Solution File, Format Version 12.00
# Visual Studio 14
VisualStudioVersion = 14.0.25420.1
MinimumVisualStudioVersion = 10.0.40219.1
Project("{FAE04EC0-301F-11D3-BF4B-00C04F79EFBC}") = "SimpleWebForm", "SimpleWebForm\SimpleWebForm.csproj", "{A45812C6-C431-4568-8A24-25CFC8A55207}"
EndProject
Global
	GlobalSection(SolutionConfigurationPlatforms) = preSolution
		Debug|Any CPU = Debug|Any CPU
		Release|Any CPU = Release|Any CPU
	EndGlobalSection
	GlobalSection(ProjectConfigurationPlatforms) = postSolution
		{A45812C6-C431-4568-8A24-25CFC8A55207}.Debug|Any CPU.ActiveCfg = Debug|Any CPU
		{A45812C6-C431-4568-8A24-25CFC8A55207}.Debug|Any CPU.Build.0 = Debug|Any CPU
		{A45812C6-C431-4568-8A24-25CFC8A55207}.Release|Any CPU.ActiveCfg = Release|Any CPU
		{A45812C6-C431-4568-8A24-25CFC8A55207}.Release|Any CPU.Build.0 = Release|Any CPU
	EndGlobalSection
	GlobalSection(SolutionProperties) = preSolution
		HideSolutionNode = FALSE
	EndGlobalSection
EndGlobal
